// !$*UTF8*$!
{
	archiveVersion = 1;
	classes = {
	};
	objectVersion = 55;
	objects = {

/* Begin PBXBuildFile section */
		60100E5F2840499700548B7F /* AppDelegate.swift in Sources */ = {isa = PBXBuildFile; fileRef = 60100E5E2840499700548B7F /* AppDelegate.swift */; };
		60100E632840499700548B7F /* Experience.rcproject in Sources */ = {isa = PBXBuildFile; fileRef = 60100E622840499700548B7F /* Experience.rcproject */; };
		60100E652840499800548B7F /* Assets.xcassets in Resources */ = {isa = PBXBuildFile; fileRef = 60100E642840499800548B7F /* Assets.xcassets */; };
		60100E682840499800548B7F /* Preview Assets.xcassets in Resources */ = {isa = PBXBuildFile; fileRef = 60100E672840499800548B7F /* Preview Assets.xcassets */; };
		60100E722840499800548B7F /* MobiusTests.swift in Sources */ = {isa = PBXBuildFile; fileRef = 60100E712840499800548B7F /* MobiusTests.swift */; };
		60100E7C2840499800548B7F /* MobiusUITests.swift in Sources */ = {isa = PBXBuildFile; fileRef = 60100E7B2840499800548B7F /* MobiusUITests.swift */; };
		60100E7E2840499800548B7F /* MobiusUITestsLaunchTests.swift in Sources */ = {isa = PBXBuildFile; fileRef = 60100E7D2840499800548B7F /* MobiusUITestsLaunchTests.swift */; };
		6013095D2841F71A00455B84 /* BattleRoyal.swift in Sources */ = {isa = PBXBuildFile; fileRef = 6013095C2841F71A00455B84 /* BattleRoyal.swift */; };
		6020C2122844779C007A00D8 /* ARBattleRoyal.swift in Sources */ = {isa = PBXBuildFile; fileRef = 6020C2112844779C007A00D8 /* ARBattleRoyal.swift */; };
		604DEBB928557F740055B463 /* GameCenterUtils.swift in Sources */ = {isa = PBXBuildFile; fileRef = 604DEBB828557F740055B463 /* GameCenterUtils.swift */; };
		6059D06228568BAB0036C159 /* GameCenterViewModel.swift in Sources */ = {isa = PBXBuildFile; fileRef = 6059D06128568BAB0036C159 /* GameCenterViewModel.swift */; };
		6059D06428568C180036C159 /* ScheduledGame.swift in Sources */ = {isa = PBXBuildFile; fileRef = 6059D06328568C180036C159 /* ScheduledGame.swift */; };
		6059D075285999670036C159 /* Metal.framework in Frameworks */ = {isa = PBXBuildFile; fileRef = 6059D074285999670036C159 /* Metal.framework */; };
		6059D077285999750036C159 /* Foundation.framework in Frameworks */ = {isa = PBXBuildFile; fileRef = 6059D076285999750036C159 /* Foundation.framework */; };
		6059D079285999820036C159 /* QuartzCore.framework in Frameworks */ = {isa = PBXBuildFile; fileRef = 6059D078285999820036C159 /* QuartzCore.framework */; };
		6059D07A28599B360036C159 /* GameKit.framework in Frameworks */ = {isa = PBXBuildFile; fileRef = 60100E8B28404A8500548B7F /* GameKit.framework */; };
		6059D07B28599B430036C159 /* MapKit.framework in Frameworks */ = {isa = PBXBuildFile; fileRef = 6013095A2840842F00455B84 /* MapKit.framework */; };
		6059D0812859BCA90036C159 /* GameDetailsView.swift in Sources */ = {isa = PBXBuildFile; fileRef = 6059D0802859BCA90036C159 /* GameDetailsView.swift */; };
		6086843728529F7900F32442 /* AvailableGamesView.swift in Sources */ = {isa = PBXBuildFile; fileRef = 6086843628529F7900F32442 /* AvailableGamesView.swift */; };
		6092F5F428559A0400BEDFC0 /* StartView.swift in Sources */ = {isa = PBXBuildFile; fileRef = 6092F5F328559A0400BEDFC0 /* StartView.swift */; };
		6092F5FA2855BC2000BEDFC0 /* CreateGameView.swift in Sources */ = {isa = PBXBuildFile; fileRef = 6092F5F92855BC2000BEDFC0 /* CreateGameView.swift */; };
		60C523A3284C83D0008A2EB3 /* Pickups.swift in Sources */ = {isa = PBXBuildFile; fileRef = 60C523A2284C83D0008A2EB3 /* Pickups.swift */; };
		60C523AB2850EBDF008A2EB3 /* FPSLayoutView.swift in Sources */ = {isa = PBXBuildFile; fileRef = 60C523AA2850EBDF008A2EB3 /* FPSLayoutView.swift */; };
		60D8B9142862E03B000B6A83 /* house.riv in Resources */ = {isa = PBXBuildFile; fileRef = 60D8B90D2862E03A000B6A83 /* house.riv */; };
		60D8B9152862E03B000B6A83 /* confetti.riv in Resources */ = {isa = PBXBuildFile; fileRef = 60D8B90E2862E03A000B6A83 /* confetti.riv */; };
		60D8B9162862E03B000B6A83 /* check.riv in Resources */ = {isa = PBXBuildFile; fileRef = 60D8B90F2862E03A000B6A83 /* check.riv */; };
		60D8B9172862E03B000B6A83 /* menu_button.riv in Resources */ = {isa = PBXBuildFile; fileRef = 60D8B9102862E03A000B6A83 /* menu_button.riv */; };
		60D8B9182862E03B000B6A83 /* shapes.riv in Resources */ = {isa = PBXBuildFile; fileRef = 60D8B9112862E03A000B6A83 /* shapes.riv */; };
		60D8B9192862E03B000B6A83 /* button.riv in Resources */ = {isa = PBXBuildFile; fileRef = 60D8B9122862E03B000B6A83 /* button.riv */; };
		60D8B91A2862E03B000B6A83 /* icons.riv in Resources */ = {isa = PBXBuildFile; fileRef = 60D8B9132862E03B000B6A83 /* icons.riv */; };
		60D8B91D2862E126000B6A83 /* RiveRuntime in Frameworks */ = {isa = PBXBuildFile; productRef = 60D8B91C2862E126000B6A83 /* RiveRuntime */; };
		60D8B91F2862EDFD000B6A83 /* ViewCoordinator.swift in Sources */ = {isa = PBXBuildFile; fileRef = 60D8B91E2862EDFD000B6A83 /* ViewCoordinator.swift */; };
		60D8B921286441A4000B6A83 /* CustomTextField.swift in Sources */ = {isa = PBXBuildFile; fileRef = 60D8B920286441A4000B6A83 /* CustomTextField.swift */; };
		60D8B923286445D4000B6A83 /* Extensions.swift in Sources */ = {isa = PBXBuildFile; fileRef = 60D8B922286445D4000B6A83 /* Extensions.swift */; };
		60E167622862CC4700759E0D /* Renderer.swift in Sources */ = {isa = PBXBuildFile; fileRef = 60E1675D2862CC4700759E0D /* Renderer.swift */; };
		60E167632862CC4700759E0D /* ARMtlView.swift in Sources */ = {isa = PBXBuildFile; fileRef = 60E1675E2862CC4700759E0D /* ARMtlView.swift */; };
		60E167642862CC4700759E0D /* Shaders.metal in Sources */ = {isa = PBXBuildFile; fileRef = 60E167602862CC4700759E0D /* Shaders.metal */; };
		60FBC512286048B800C76E58 /* ARViewContainer.swift in Sources */ = {isa = PBXBuildFile; fileRef = 60FBC511286048B800C76E58 /* ARViewContainer.swift */; };
		60FBC5142860BEDB00C76E58 /* TextShapes.swift in Sources */ = {isa = PBXBuildFile; fileRef = 60FBC5132860BEDB00C76E58 /* TextShapes.swift */; };
		60FCE88228483E5100F7BC35 /* ARGameplayView.swift in Sources */ = {isa = PBXBuildFile; fileRef = 60FCE88128483E5100F7BC35 /* ARGameplayView.swift */; };
		60FE1B702861272E00F58CE2 /* MiniMap.swift in Sources */ = {isa = PBXBuildFile; fileRef = 60FE1B6F2861272E00F58CE2 /* MiniMap.swift */; };
		60FE1B732861274C00F58CE2 /* MapPicker.swift in Sources */ = {isa = PBXBuildFile; fileRef = 60FE1B722861274C00F58CE2 /* MapPicker.swift */; };
/* End PBXBuildFile section */

/* Begin PBXContainerItemProxy section */
		60100E6E2840499800548B7F /* PBXContainerItemProxy */ = {
			isa = PBXContainerItemProxy;
			containerPortal = 60100E532840499600548B7F /* Project object */;
			proxyType = 1;
			remoteGlobalIDString = 60100E5A2840499600548B7F;
			remoteInfo = Mobius;
		};
		60100E782840499800548B7F /* PBXContainerItemProxy */ = {
			isa = PBXContainerItemProxy;
			containerPortal = 60100E532840499600548B7F /* Project object */;
			proxyType = 1;
			remoteGlobalIDString = 60100E5A2840499600548B7F;
			remoteInfo = Mobius;
		};
/* End PBXContainerItemProxy section */

/* Begin PBXFileReference section */
		60100E5B2840499600548B7F /* Mobius.app */ = {isa = PBXFileReference; explicitFileType = wrapper.application; includeInIndex = 0; path = Mobius.app; sourceTree = BUILT_PRODUCTS_DIR; };
		60100E5E2840499700548B7F /* AppDelegate.swift */ = {isa = PBXFileReference; lastKnownFileType = sourcecode.swift; path = AppDelegate.swift; sourceTree = "<group>"; };
		60100E622840499700548B7F /* Experience.rcproject */ = {isa = PBXFileReference; lastKnownFileType = file.rcproject; path = Experience.rcproject; sourceTree = "<group>"; };
		60100E642840499800548B7F /* Assets.xcassets */ = {isa = PBXFileReference; lastKnownFileType = folder.assetcatalog; path = Assets.xcassets; sourceTree = "<group>"; };
		60100E672840499800548B7F /* Preview Assets.xcassets */ = {isa = PBXFileReference; lastKnownFileType = folder.assetcatalog; path = "Preview Assets.xcassets"; sourceTree = "<group>"; };
		60100E6D2840499800548B7F /* MobiusTests.xctest */ = {isa = PBXFileReference; explicitFileType = wrapper.cfbundle; includeInIndex = 0; path = MobiusTests.xctest; sourceTree = BUILT_PRODUCTS_DIR; };
		60100E712840499800548B7F /* MobiusTests.swift */ = {isa = PBXFileReference; lastKnownFileType = sourcecode.swift; path = MobiusTests.swift; sourceTree = "<group>"; };
		60100E772840499800548B7F /* MobiusUITests.xctest */ = {isa = PBXFileReference; explicitFileType = wrapper.cfbundle; includeInIndex = 0; path = MobiusUITests.xctest; sourceTree = BUILT_PRODUCTS_DIR; };
		60100E7B2840499800548B7F /* MobiusUITests.swift */ = {isa = PBXFileReference; lastKnownFileType = sourcecode.swift; path = MobiusUITests.swift; sourceTree = "<group>"; };
		60100E7D2840499800548B7F /* MobiusUITestsLaunchTests.swift */ = {isa = PBXFileReference; lastKnownFileType = sourcecode.swift; path = MobiusUITestsLaunchTests.swift; sourceTree = "<group>"; };
		60100E8B28404A8500548B7F /* GameKit.framework */ = {isa = PBXFileReference; lastKnownFileType = wrapper.framework; name = GameKit.framework; path = System/Library/Frameworks/GameKit.framework; sourceTree = SDKROOT; };
		601309592840842F00455B84 /* Info.plist */ = {isa = PBXFileReference; lastKnownFileType = text.plist; path = Info.plist; sourceTree = "<group>"; };
		6013095A2840842F00455B84 /* MapKit.framework */ = {isa = PBXFileReference; lastKnownFileType = wrapper.framework; name = MapKit.framework; path = System/Library/Frameworks/MapKit.framework; sourceTree = SDKROOT; };
		6013095C2841F71A00455B84 /* BattleRoyal.swift */ = {isa = PBXFileReference; lastKnownFileType = sourcecode.swift; path = BattleRoyal.swift; sourceTree = "<group>"; };
		6020C2112844779C007A00D8 /* ARBattleRoyal.swift */ = {isa = PBXFileReference; lastKnownFileType = sourcecode.swift; path = ARBattleRoyal.swift; sourceTree = "<group>"; };
		604DEBB828557F740055B463 /* GameCenterUtils.swift */ = {isa = PBXFileReference; lastKnownFileType = sourcecode.swift; path = GameCenterUtils.swift; sourceTree = "<group>"; };
		6059D06128568BAB0036C159 /* GameCenterViewModel.swift */ = {isa = PBXFileReference; lastKnownFileType = sourcecode.swift; path = GameCenterViewModel.swift; sourceTree = "<group>"; };
		6059D06328568C180036C159 /* ScheduledGame.swift */ = {isa = PBXFileReference; lastKnownFileType = sourcecode.swift; path = ScheduledGame.swift; sourceTree = "<group>"; };
		6059D06A285986B50036C159 /* opencv2.framework */ = {isa = PBXFileReference; lastKnownFileType = wrapper.framework; name = opencv2.framework; path = ../../../Desktop/opencv2.framework; sourceTree = "<group>"; };
		6059D072285998CA0036C159 /* Foundation */ = {isa = PBXFileReference; lastKnownFileType = folder; name = Foundation; path = "../../metal-cpp/Foundation"; sourceTree = "<group>"; };
		6059D073285999070036C159 /* Metal */ = {isa = PBXFileReference; lastKnownFileType = folder; name = Metal; path = "../../metal-cpp/Metal"; sourceTree = "<group>"; };
		6059D074285999670036C159 /* Metal.framework */ = {isa = PBXFileReference; lastKnownFileType = wrapper.framework; name = Metal.framework; path = System/Library/Frameworks/Metal.framework; sourceTree = SDKROOT; };
		6059D076285999750036C159 /* Foundation.framework */ = {isa = PBXFileReference; lastKnownFileType = wrapper.framework; name = Foundation.framework; path = System/Library/Frameworks/Foundation.framework; sourceTree = SDKROOT; };
		6059D078285999820036C159 /* QuartzCore.framework */ = {isa = PBXFileReference; lastKnownFileType = wrapper.framework; name = QuartzCore.framework; path = System/Library/Frameworks/QuartzCore.framework; sourceTree = SDKROOT; };
		6059D07C28599BBC0036C159 /* opencv2.framework */ = {isa = PBXFileReference; lastKnownFileType = wrapper.framework; name = opencv2.framework; path = ../../opencv2.framework; sourceTree = "<group>"; };
		6059D0802859BCA90036C159 /* GameDetailsView.swift */ = {isa = PBXFileReference; lastKnownFileType = sourcecode.swift; path = GameDetailsView.swift; sourceTree = "<group>"; };
		6086843628529F7900F32442 /* AvailableGamesView.swift */ = {isa = PBXFileReference; lastKnownFileType = sourcecode.swift; path = AvailableGamesView.swift; sourceTree = "<group>"; };
		6092F5F328559A0400BEDFC0 /* StartView.swift */ = {isa = PBXFileReference; lastKnownFileType = sourcecode.swift; path = StartView.swift; sourceTree = "<group>"; };
		6092F5F92855BC2000BEDFC0 /* CreateGameView.swift */ = {isa = PBXFileReference; lastKnownFileType = sourcecode.swift; path = CreateGameView.swift; sourceTree = "<group>"; };
		60C523A2284C83D0008A2EB3 /* Pickups.swift */ = {isa = PBXFileReference; lastKnownFileType = sourcecode.swift; path = Pickups.swift; sourceTree = "<group>"; };
		60C523AA2850EBDF008A2EB3 /* FPSLayoutView.swift */ = {isa = PBXFileReference; lastKnownFileType = sourcecode.swift; path = FPSLayoutView.swift; sourceTree = "<group>"; };
		60D8B90D2862E03A000B6A83 /* house.riv */ = {isa = PBXFileReference; lastKnownFileType = file; path = house.riv; sourceTree = "<group>"; };
		60D8B90E2862E03A000B6A83 /* confetti.riv */ = {isa = PBXFileReference; lastKnownFileType = file; path = confetti.riv; sourceTree = "<group>"; };
		60D8B90F2862E03A000B6A83 /* check.riv */ = {isa = PBXFileReference; lastKnownFileType = file; path = check.riv; sourceTree = "<group>"; };
		60D8B9102862E03A000B6A83 /* menu_button.riv */ = {isa = PBXFileReference; lastKnownFileType = file; path = menu_button.riv; sourceTree = "<group>"; };
		60D8B9112862E03A000B6A83 /* shapes.riv */ = {isa = PBXFileReference; lastKnownFileType = file; path = shapes.riv; sourceTree = "<group>"; };
		60D8B9122862E03B000B6A83 /* button.riv */ = {isa = PBXFileReference; lastKnownFileType = file; path = button.riv; sourceTree = "<group>"; };
		60D8B9132862E03B000B6A83 /* icons.riv */ = {isa = PBXFileReference; lastKnownFileType = file; path = icons.riv; sourceTree = "<group>"; };
		60D8B91E2862EDFD000B6A83 /* ViewCoordinator.swift */ = {isa = PBXFileReference; lastKnownFileType = sourcecode.swift; path = ViewCoordinator.swift; sourceTree = "<group>"; };
		60D8B920286441A4000B6A83 /* CustomTextField.swift */ = {isa = PBXFileReference; lastKnownFileType = sourcecode.swift; path = CustomTextField.swift; sourceTree = "<group>"; };
		60D8B922286445D4000B6A83 /* Extensions.swift */ = {isa = PBXFileReference; lastKnownFileType = sourcecode.swift; path = Extensions.swift; sourceTree = "<group>"; };
		60E1675D2862CC4700759E0D /* Renderer.swift */ = {isa = PBXFileReference; fileEncoding = 4; lastKnownFileType = sourcecode.swift; path = Renderer.swift; sourceTree = "<group>"; };
		60E1675E2862CC4700759E0D /* ARMtlView.swift */ = {isa = PBXFileReference; fileEncoding = 4; lastKnownFileType = sourcecode.swift; path = ARMtlView.swift; sourceTree = "<group>"; };
		60E1675F2862CC4700759E0D /* Mobius-Bridging-Headers.h */ = {isa = PBXFileReference; fileEncoding = 4; lastKnownFileType = sourcecode.c.h; path = "Mobius-Bridging-Headers.h"; sourceTree = "<group>"; };
		60E167602862CC4700759E0D /* Shaders.metal */ = {isa = PBXFileReference; fileEncoding = 4; lastKnownFileType = sourcecode.metal; path = Shaders.metal; sourceTree = "<group>"; };
		60E167612862CC4700759E0D /* ShaderTypes.h */ = {isa = PBXFileReference; fileEncoding = 4; lastKnownFileType = sourcecode.c.h; path = ShaderTypes.h; sourceTree = "<group>"; };
		60FBC511286048B800C76E58 /* ARViewContainer.swift */ = {isa = PBXFileReference; lastKnownFileType = sourcecode.swift; path = ARViewContainer.swift; sourceTree = "<group>"; };
		60FBC5132860BEDB00C76E58 /* TextShapes.swift */ = {isa = PBXFileReference; lastKnownFileType = sourcecode.swift; path = TextShapes.swift; sourceTree = "<group>"; };
		60FCE88128483E5100F7BC35 /* ARGameplayView.swift */ = {isa = PBXFileReference; lastKnownFileType = sourcecode.swift; path = ARGameplayView.swift; sourceTree = "<group>"; };
		60FE1B6F2861272E00F58CE2 /* MiniMap.swift */ = {isa = PBXFileReference; lastKnownFileType = sourcecode.swift; path = MiniMap.swift; sourceTree = "<group>"; };
		60FE1B722861274C00F58CE2 /* MapPicker.swift */ = {isa = PBXFileReference; lastKnownFileType = sourcecode.swift; path = MapPicker.swift; sourceTree = "<group>"; };
/* End PBXFileReference section */

/* Begin PBXFrameworksBuildPhase section */
		60100E582840499600548B7F /* Frameworks */ = {
			isa = PBXFrameworksBuildPhase;
			buildActionMask = 2147483647;
			files = (
				6059D079285999820036C159 /* QuartzCore.framework in Frameworks */,
				6059D077285999750036C159 /* Foundation.framework in Frameworks */,
				6059D07B28599B430036C159 /* MapKit.framework in Frameworks */,
				6059D075285999670036C159 /* Metal.framework in Frameworks */,
				6059D07A28599B360036C159 /* GameKit.framework in Frameworks */,
				60D8B91D2862E126000B6A83 /* RiveRuntime in Frameworks */,
			);
			runOnlyForDeploymentPostprocessing = 0;
		};
		60100E6A2840499800548B7F /* Frameworks */ = {
			isa = PBXFrameworksBuildPhase;
			buildActionMask = 2147483647;
			files = (
			);
			runOnlyForDeploymentPostprocessing = 0;
		};
		60100E742840499800548B7F /* Frameworks */ = {
			isa = PBXFrameworksBuildPhase;
			buildActionMask = 2147483647;
			files = (
			);
			runOnlyForDeploymentPostprocessing = 0;
		};
/* End PBXFrameworksBuildPhase section */

/* Begin PBXGroup section */
		60100E522840499600548B7F = {
			isa = PBXGroup;
			children = (
				60100E5D2840499600548B7F /* Mobius */,
				60100E702840499800548B7F /* MobiusTests */,
				60100E7A2840499800548B7F /* MobiusUITests */,
				60100E5C2840499600548B7F /* Products */,
				60100E8A28404A8500548B7F /* Frameworks */,
			);
			sourceTree = "<group>";
		};
		60100E5C2840499600548B7F /* Products */ = {
			isa = PBXGroup;
			children = (
				60100E5B2840499600548B7F /* Mobius.app */,
				60100E6D2840499800548B7F /* MobiusTests.xctest */,
				60100E772840499800548B7F /* MobiusUITests.xctest */,
			);
			name = Products;
			sourceTree = "<group>";
		};
		60100E5D2840499600548B7F /* Mobius */ = {
			isa = PBXGroup;
			children = (
				601309592840842F00455B84 /* Info.plist */,
				60100E5E2840499700548B7F /* AppDelegate.swift */,
				60E1675C2862CBD300759E0D /* Metal */,
				60FCE88528483E9000F7BC35 /* Views */,
				60FCE88328483E6000F7BC35 /* ViewModels */,
				60FCE88428483E7E00F7BC35 /* Model */,
				60100E622840499700548B7F /* Experience.rcproject */,
				60100E642840499800548B7F /* Assets.xcassets */,
				60D8B90C2862E03A000B6A83 /* RiveAssets */,
				60100E662840499800548B7F /* Preview Content */,
			);
			path = Mobius;
			sourceTree = "<group>";
		};
		60100E662840499800548B7F /* Preview Content */ = {
			isa = PBXGroup;
			children = (
				60100E672840499800548B7F /* Preview Assets.xcassets */,
			);
			path = "Preview Content";
			sourceTree = "<group>";
		};
		60100E702840499800548B7F /* MobiusTests */ = {
			isa = PBXGroup;
			children = (
				60100E712840499800548B7F /* MobiusTests.swift */,
			);
			path = MobiusTests;
			sourceTree = "<group>";
		};
		60100E7A2840499800548B7F /* MobiusUITests */ = {
			isa = PBXGroup;
			children = (
				60100E7B2840499800548B7F /* MobiusUITests.swift */,
				60100E7D2840499800548B7F /* MobiusUITestsLaunchTests.swift */,
			);
			path = MobiusUITests;
			sourceTree = "<group>";
		};
		60100E8A28404A8500548B7F /* Frameworks */ = {
			isa = PBXGroup;
			children = (
				6059D07C28599BBC0036C159 /* opencv2.framework */,
				6059D078285999820036C159 /* QuartzCore.framework */,
				6059D076285999750036C159 /* Foundation.framework */,
				6059D074285999670036C159 /* Metal.framework */,
				6059D073285999070036C159 /* Metal */,
				6059D072285998CA0036C159 /* Foundation */,
				6059D06A285986B50036C159 /* opencv2.framework */,
				6013095A2840842F00455B84 /* MapKit.framework */,
				60100E8B28404A8500548B7F /* GameKit.framework */,
			);
			name = Frameworks;
			sourceTree = "<group>";
		};
		6092F5F82855BBD000BEDFC0 /* ARViews */ = {
			isa = PBXGroup;
			children = (
				60C523AA2850EBDF008A2EB3 /* FPSLayoutView.swift */,
				60FCE88128483E5100F7BC35 /* ARGameplayView.swift */,
				60FBC511286048B800C76E58 /* ARViewContainer.swift */,
			);
			path = ARViews;
			sourceTree = "<group>";
		};
		60D8B90C2862E03A000B6A83 /* RiveAssets */ = {
			isa = PBXGroup;
			children = (
				60D8B90D2862E03A000B6A83 /* house.riv */,
				60D8B90E2862E03A000B6A83 /* confetti.riv */,
				60D8B90F2862E03A000B6A83 /* check.riv */,
				60D8B9102862E03A000B6A83 /* menu_button.riv */,
				60D8B9112862E03A000B6A83 /* shapes.riv */,
				60D8B9122862E03B000B6A83 /* button.riv */,
				60D8B9132862E03B000B6A83 /* icons.riv */,
			);
			path = RiveAssets;
			sourceTree = "<group>";
		};
		60D8B9242864471E000B6A83 /* UtilViews */ = {
			isa = PBXGroup;
			children = (
				60D8B920286441A4000B6A83 /* CustomTextField.swift */,
				60D8B922286445D4000B6A83 /* Extensions.swift */,
				60FBC5132860BEDB00C76E58 /* TextShapes.swift */,
			);
			path = UtilViews;
			sourceTree = "<group>";
		};
		60E1675C2862CBD300759E0D /* Metal */ = {
			isa = PBXGroup;
			children = (
				60E1675F2862CC4700759E0D /* Mobius-Bridging-Headers.h */,
				60E1675E2862CC4700759E0D /* ARMtlView.swift */,
				60E1675D2862CC4700759E0D /* Renderer.swift */,
				60E167602862CC4700759E0D /* Shaders.metal */,
				60E167612862CC4700759E0D /* ShaderTypes.h */,
			);
			path = Metal;
			sourceTree = "<group>";
		};
		60FCE88328483E6000F7BC35 /* ViewModels */ = {
			isa = PBXGroup;
			children = (
				6020C2112844779C007A00D8 /* ARBattleRoyal.swift */,
				6059D06128568BAB0036C159 /* GameCenterViewModel.swift */,
			);
			path = ViewModels;
			sourceTree = "<group>";
		};
		60FCE88428483E7E00F7BC35 /* Model */ = {
			isa = PBXGroup;
			children = (
				6013095C2841F71A00455B84 /* BattleRoyal.swift */,
				604DEBB828557F740055B463 /* GameCenterUtils.swift */,
				60C523A2284C83D0008A2EB3 /* Pickups.swift */,
				6059D06328568C180036C159 /* ScheduledGame.swift */,
			);
			path = Model;
			sourceTree = "<group>";
		};
		60FCE88528483E9000F7BC35 /* Views */ = {
			isa = PBXGroup;
			children = (
				60D8B9242864471E000B6A83 /* UtilViews */,
				6092F5F82855BBD000BEDFC0 /* ARViews */,
				60FE1B742861278700F58CE2 /* DestinationViews */,
				60FE1B712861273400F58CE2 /* MapViews */,
			);
			path = Views;
			sourceTree = "<group>";
		};
		60FE1B712861273400F58CE2 /* MapViews */ = {
			isa = PBXGroup;
			children = (
				60FE1B6F2861272E00F58CE2 /* MiniMap.swift */,
				60FE1B722861274C00F58CE2 /* MapPicker.swift */,
			);
			path = MapViews;
			sourceTree = "<group>";
		};
		60FE1B742861278700F58CE2 /* DestinationViews */ = {
			isa = PBXGroup;
			children = (
				6086843628529F7900F32442 /* AvailableGamesView.swift */,
				6059D0802859BCA90036C159 /* GameDetailsView.swift */,
				6092F5F92855BC2000BEDFC0 /* CreateGameView.swift */,
				6092F5F328559A0400BEDFC0 /* StartView.swift */,
				60D8B91E2862EDFD000B6A83 /* ViewCoordinator.swift */,
			);
			path = DestinationViews;
			sourceTree = "<group>";
		};
/* End PBXGroup section */

/* Begin PBXNativeTarget section */
		60100E5A2840499600548B7F /* Mobius */ = {
			isa = PBXNativeTarget;
			buildConfigurationList = 60100E812840499800548B7F /* Build configuration list for PBXNativeTarget "Mobius" */;
			buildPhases = (
				60100E572840499600548B7F /* Sources */,
				60100E582840499600548B7F /* Frameworks */,
				60100E592840499600548B7F /* Resources */,
			);
			buildRules = (
			);
			dependencies = (
			);
			name = Mobius;
			packageProductDependencies = (
				60D8B91C2862E126000B6A83 /* RiveRuntime */,
			);
			productName = Mobius;
			productReference = 60100E5B2840499600548B7F /* Mobius.app */;
			productType = "com.apple.product-type.application";
		};
		60100E6C2840499800548B7F /* MobiusTests */ = {
			isa = PBXNativeTarget;
			buildConfigurationList = 60100E842840499800548B7F /* Build configuration list for PBXNativeTarget "MobiusTests" */;
			buildPhases = (
				60100E692840499800548B7F /* Sources */,
				60100E6A2840499800548B7F /* Frameworks */,
				60100E6B2840499800548B7F /* Resources */,
			);
			buildRules = (
			);
			dependencies = (
				60100E6F2840499800548B7F /* PBXTargetDependency */,
			);
			name = MobiusTests;
			productName = MobiusTests;
			productReference = 60100E6D2840499800548B7F /* MobiusTests.xctest */;
			productType = "com.apple.product-type.bundle.unit-test";
		};
		60100E762840499800548B7F /* MobiusUITests */ = {
			isa = PBXNativeTarget;
			buildConfigurationList = 60100E872840499800548B7F /* Build configuration list for PBXNativeTarget "MobiusUITests" */;
			buildPhases = (
				60100E732840499800548B7F /* Sources */,
				60100E742840499800548B7F /* Frameworks */,
				60100E752840499800548B7F /* Resources */,
			);
			buildRules = (
			);
			dependencies = (
				60100E792840499800548B7F /* PBXTargetDependency */,
			);
			name = MobiusUITests;
			productName = MobiusUITests;
			productReference = 60100E772840499800548B7F /* MobiusUITests.xctest */;
			productType = "com.apple.product-type.bundle.ui-testing";
		};
/* End PBXNativeTarget section */

/* Begin PBXProject section */
		60100E532840499600548B7F /* Project object */ = {
			isa = PBXProject;
			attributes = {
				BuildIndependentTargetsInParallel = 1;
				KnownAssetTags = (
					New,
				);
				LastSwiftUpdateCheck = 1340;
				LastUpgradeCheck = 1340;
				TargetAttributes = {
					60100E5A2840499600548B7F = {
						CreatedOnToolsVersion = 13.4;
					};
					60100E6C2840499800548B7F = {
						CreatedOnToolsVersion = 13.4;
						TestTargetID = 60100E5A2840499600548B7F;
					};
					60100E762840499800548B7F = {
						CreatedOnToolsVersion = 13.4;
						TestTargetID = 60100E5A2840499600548B7F;
					};
				};
			};
			buildConfigurationList = 60100E562840499600548B7F /* Build configuration list for PBXProject "Mobius" */;
			compatibilityVersion = "Xcode 13.0";
			developmentRegion = en;
			hasScannedForEncodings = 0;
			knownRegions = (
				en,
				Base,
			);
			mainGroup = 60100E522840499600548B7F;
			packageReferences = (
				60D8B91B2862E126000B6A83 /* XCRemoteSwiftPackageReference "rive-ios" */,
			);
			productRefGroup = 60100E5C2840499600548B7F /* Products */;
			projectDirPath = "";
			projectRoot = "";
			targets = (
				60100E5A2840499600548B7F /* Mobius */,
				60100E6C2840499800548B7F /* MobiusTests */,
				60100E762840499800548B7F /* MobiusUITests */,
			);
		};
/* End PBXProject section */

/* Begin PBXResourcesBuildPhase section */
		60100E592840499600548B7F /* Resources */ = {
			isa = PBXResourcesBuildPhase;
			buildActionMask = 2147483647;
			files = (
				60D8B9182862E03B000B6A83 /* shapes.riv in Resources */,
				60D8B9162862E03B000B6A83 /* check.riv in Resources */,
				60100E682840499800548B7F /* Preview Assets.xcassets in Resources */,
				60D8B9172862E03B000B6A83 /* menu_button.riv in Resources */,
				60D8B9142862E03B000B6A83 /* house.riv in Resources */,
				60D8B9192862E03B000B6A83 /* button.riv in Resources */,
				60100E652840499800548B7F /* Assets.xcassets in Resources */,
				60D8B9152862E03B000B6A83 /* confetti.riv in Resources */,
				60D8B91A2862E03B000B6A83 /* icons.riv in Resources */,
			);
			runOnlyForDeploymentPostprocessing = 0;
		};
		60100E6B2840499800548B7F /* Resources */ = {
			isa = PBXResourcesBuildPhase;
			buildActionMask = 2147483647;
			files = (
			);
			runOnlyForDeploymentPostprocessing = 0;
		};
		60100E752840499800548B7F /* Resources */ = {
			isa = PBXResourcesBuildPhase;
			buildActionMask = 2147483647;
			files = (
			);
			runOnlyForDeploymentPostprocessing = 0;
		};
/* End PBXResourcesBuildPhase section */

/* Begin PBXSourcesBuildPhase section */
		60100E572840499600548B7F /* Sources */ = {
			isa = PBXSourcesBuildPhase;
			buildActionMask = 2147483647;
			files = (
				60FE1B732861274C00F58CE2 /* MapPicker.swift in Sources */,
				60FE1B702861272E00F58CE2 /* MiniMap.swift in Sources */,
				6092F5FA2855BC2000BEDFC0 /* CreateGameView.swift in Sources */,
				60FBC5142860BEDB00C76E58 /* TextShapes.swift in Sources */,
				60D8B921286441A4000B6A83 /* CustomTextField.swift in Sources */,
				6059D06428568C180036C159 /* ScheduledGame.swift in Sources */,
				60100E5F2840499700548B7F /* AppDelegate.swift in Sources */,
				60100E632840499700548B7F /* Experience.rcproject in Sources */,
				6059D06228568BAB0036C159 /* GameCenterViewModel.swift in Sources */,
				60E167642862CC4700759E0D /* Shaders.metal in Sources */,
				60E167622862CC4700759E0D /* Renderer.swift in Sources */,
				604DEBB928557F740055B463 /* GameCenterUtils.swift in Sources */,
				60D8B91F2862EDFD000B6A83 /* ViewCoordinator.swift in Sources */,
				6092F5F428559A0400BEDFC0 /* StartView.swift in Sources */,
				60C523AB2850EBDF008A2EB3 /* FPSLayoutView.swift in Sources */,
				60E167632862CC4700759E0D /* ARMtlView.swift in Sources */,
				60C523A3284C83D0008A2EB3 /* Pickups.swift in Sources */,
				6059D0812859BCA90036C159 /* GameDetailsView.swift in Sources */,
				6013095D2841F71A00455B84 /* BattleRoyal.swift in Sources */,
				60D8B923286445D4000B6A83 /* Extensions.swift in Sources */,
				60FBC512286048B800C76E58 /* ARViewContainer.swift in Sources */,
				6020C2122844779C007A00D8 /* ARBattleRoyal.swift in Sources */,
				6086843728529F7900F32442 /* AvailableGamesView.swift in Sources */,
				60FCE88228483E5100F7BC35 /* ARGameplayView.swift in Sources */,
			);
			runOnlyForDeploymentPostprocessing = 0;
		};
		60100E692840499800548B7F /* Sources */ = {
			isa = PBXSourcesBuildPhase;
			buildActionMask = 2147483647;
			files = (
				60100E722840499800548B7F /* MobiusTests.swift in Sources */,
			);
			runOnlyForDeploymentPostprocessing = 0;
		};
		60100E732840499800548B7F /* Sources */ = {
			isa = PBXSourcesBuildPhase;
			buildActionMask = 2147483647;
			files = (
				60100E7C2840499800548B7F /* MobiusUITests.swift in Sources */,
				60100E7E2840499800548B7F /* MobiusUITestsLaunchTests.swift in Sources */,
			);
			runOnlyForDeploymentPostprocessing = 0;
		};
/* End PBXSourcesBuildPhase section */

/* Begin PBXTargetDependency section */
		60100E6F2840499800548B7F /* PBXTargetDependency */ = {
			isa = PBXTargetDependency;
			target = 60100E5A2840499600548B7F /* Mobius */;
			targetProxy = 60100E6E2840499800548B7F /* PBXContainerItemProxy */;
		};
		60100E792840499800548B7F /* PBXTargetDependency */ = {
			isa = PBXTargetDependency;
			target = 60100E5A2840499600548B7F /* Mobius */;
			targetProxy = 60100E782840499800548B7F /* PBXContainerItemProxy */;
		};
/* End PBXTargetDependency section */

/* Begin XCBuildConfiguration section */
		60100E7F2840499800548B7F /* Debug */ = {
			isa = XCBuildConfiguration;
			buildSettings = {
				ALWAYS_SEARCH_USER_PATHS = NO;
				CLANG_ANALYZER_NONNULL = YES;
				CLANG_ANALYZER_NUMBER_OBJECT_CONVERSION = YES_AGGRESSIVE;
				CLANG_CXX_LANGUAGE_STANDARD = "gnu++17";
				CLANG_ENABLE_MODULES = YES;
				CLANG_ENABLE_OBJC_ARC = YES;
				CLANG_ENABLE_OBJC_WEAK = YES;
				CLANG_WARN_BLOCK_CAPTURE_AUTORELEASING = YES;
				CLANG_WARN_BOOL_CONVERSION = YES;
				CLANG_WARN_COMMA = YES;
				CLANG_WARN_CONSTANT_CONVERSION = YES;
				CLANG_WARN_DEPRECATED_OBJC_IMPLEMENTATIONS = YES;
				CLANG_WARN_DIRECT_OBJC_ISA_USAGE = YES_ERROR;
				CLANG_WARN_DOCUMENTATION_COMMENTS = YES;
				CLANG_WARN_EMPTY_BODY = YES;
				CLANG_WARN_ENUM_CONVERSION = YES;
				CLANG_WARN_INFINITE_RECURSION = YES;
				CLANG_WARN_INT_CONVERSION = YES;
				CLANG_WARN_NON_LITERAL_NULL_CONVERSION = YES;
				CLANG_WARN_OBJC_IMPLICIT_RETAIN_SELF = YES;
				CLANG_WARN_OBJC_LITERAL_CONVERSION = YES;
				CLANG_WARN_OBJC_ROOT_CLASS = YES_ERROR;
				CLANG_WARN_QUOTED_INCLUDE_IN_FRAMEWORK_HEADER = YES;
				CLANG_WARN_RANGE_LOOP_ANALYSIS = YES;
				CLANG_WARN_STRICT_PROTOTYPES = YES;
				CLANG_WARN_SUSPICIOUS_MOVE = YES;
				CLANG_WARN_UNGUARDED_AVAILABILITY = YES_AGGRESSIVE;
				CLANG_WARN_UNREACHABLE_CODE = YES;
				CLANG_WARN__DUPLICATE_METHOD_MATCH = YES;
				COPY_PHASE_STRIP = NO;
				DEBUG_INFORMATION_FORMAT = dwarf;
				ENABLE_STRICT_OBJC_MSGSEND = YES;
				ENABLE_TESTABILITY = YES;
				GCC_C_LANGUAGE_STANDARD = gnu11;
				GCC_DYNAMIC_NO_PIC = NO;
				GCC_NO_COMMON_BLOCKS = YES;
				GCC_OPTIMIZATION_LEVEL = 0;
				GCC_PREPROCESSOR_DEFINITIONS = (
					"DEBUG=1",
					"$(inherited)",
				);
				GCC_WARN_64_TO_32_BIT_CONVERSION = YES;
				GCC_WARN_ABOUT_RETURN_TYPE = YES_ERROR;
				GCC_WARN_UNDECLARED_SELECTOR = YES;
				GCC_WARN_UNINITIALIZED_AUTOS = YES_AGGRESSIVE;
				GCC_WARN_UNUSED_FUNCTION = YES;
				GCC_WARN_UNUSED_VARIABLE = YES;
				INFOPLIST_KEY_UIRequiresFullScreen = NO;
				INFOPLIST_KEY_UIStatusBarHidden = NO;
				IPHONEOS_DEPLOYMENT_TARGET = 15.5;
				MTL_ENABLE_DEBUG_INFO = INCLUDE_SOURCE;
				MTL_FAST_MATH = YES;
				ONLY_ACTIVE_ARCH = YES;
				SDKROOT = iphoneos;
				SWIFT_ACTIVE_COMPILATION_CONDITIONS = DEBUG;
				SWIFT_INSTALL_OBJC_HEADER = YES;
				SWIFT_OPTIMIZATION_LEVEL = "-Onone";
			};
			name = Debug;
		};
		60100E802840499800548B7F /* Release */ = {
			isa = XCBuildConfiguration;
			buildSettings = {
				ALWAYS_SEARCH_USER_PATHS = NO;
				CLANG_ANALYZER_NONNULL = YES;
				CLANG_ANALYZER_NUMBER_OBJECT_CONVERSION = YES_AGGRESSIVE;
				CLANG_CXX_LANGUAGE_STANDARD = "gnu++17";
				CLANG_ENABLE_MODULES = YES;
				CLANG_ENABLE_OBJC_ARC = YES;
				CLANG_ENABLE_OBJC_WEAK = YES;
				CLANG_WARN_BLOCK_CAPTURE_AUTORELEASING = YES;
				CLANG_WARN_BOOL_CONVERSION = YES;
				CLANG_WARN_COMMA = YES;
				CLANG_WARN_CONSTANT_CONVERSION = YES;
				CLANG_WARN_DEPRECATED_OBJC_IMPLEMENTATIONS = YES;
				CLANG_WARN_DIRECT_OBJC_ISA_USAGE = YES_ERROR;
				CLANG_WARN_DOCUMENTATION_COMMENTS = YES;
				CLANG_WARN_EMPTY_BODY = YES;
				CLANG_WARN_ENUM_CONVERSION = YES;
				CLANG_WARN_INFINITE_RECURSION = YES;
				CLANG_WARN_INT_CONVERSION = YES;
				CLANG_WARN_NON_LITERAL_NULL_CONVERSION = YES;
				CLANG_WARN_OBJC_IMPLICIT_RETAIN_SELF = YES;
				CLANG_WARN_OBJC_LITERAL_CONVERSION = YES;
				CLANG_WARN_OBJC_ROOT_CLASS = YES_ERROR;
				CLANG_WARN_QUOTED_INCLUDE_IN_FRAMEWORK_HEADER = YES;
				CLANG_WARN_RANGE_LOOP_ANALYSIS = YES;
				CLANG_WARN_STRICT_PROTOTYPES = YES;
				CLANG_WARN_SUSPICIOUS_MOVE = YES;
				CLANG_WARN_UNGUARDED_AVAILABILITY = YES_AGGRESSIVE;
				CLANG_WARN_UNREACHABLE_CODE = YES;
				CLANG_WARN__DUPLICATE_METHOD_MATCH = YES;
				COPY_PHASE_STRIP = NO;
				DEBUG_INFORMATION_FORMAT = "dwarf-with-dsym";
				ENABLE_NS_ASSERTIONS = NO;
				ENABLE_STRICT_OBJC_MSGSEND = YES;
				GCC_C_LANGUAGE_STANDARD = gnu11;
				GCC_NO_COMMON_BLOCKS = YES;
				GCC_WARN_64_TO_32_BIT_CONVERSION = YES;
				GCC_WARN_ABOUT_RETURN_TYPE = YES_ERROR;
				GCC_WARN_UNDECLARED_SELECTOR = YES;
				GCC_WARN_UNINITIALIZED_AUTOS = YES_AGGRESSIVE;
				GCC_WARN_UNUSED_FUNCTION = YES;
				GCC_WARN_UNUSED_VARIABLE = YES;
				INFOPLIST_KEY_UIRequiresFullScreen = NO;
				INFOPLIST_KEY_UIStatusBarHidden = NO;
				IPHONEOS_DEPLOYMENT_TARGET = 15.5;
				MTL_ENABLE_DEBUG_INFO = NO;
				MTL_FAST_MATH = YES;
				SDKROOT = iphoneos;
				SWIFT_COMPILATION_MODE = wholemodule;
				SWIFT_INSTALL_OBJC_HEADER = YES;
				SWIFT_OPTIMIZATION_LEVEL = "-O";
				VALIDATE_PRODUCT = YES;
			};
			name = Release;
		};
		60100E822840499800548B7F /* Debug */ = {
			isa = XCBuildConfiguration;
			buildSettings = {
				ASSETCATALOG_COMPILER_APPICON_NAME = AppIcon;
				ASSETCATALOG_COMPILER_GLOBAL_ACCENT_COLOR_NAME = AccentColor;
				CLANG_CXX_LANGUAGE_STANDARD = "gnu++20";
				CODE_SIGN_STYLE = Automatic;
				CURRENT_PROJECT_VERSION = 1;
				DEVELOPMENT_ASSET_PATHS = "\"Mobius/Preview Content\"";
				DEVELOPMENT_TEAM = 2NJL5C3NL5;
				ENABLE_PREVIEWS = YES;
				GENERATE_INFOPLIST_FILE = YES;
				HEADER_SEARCH_PATHS = "";
				INFOPLIST_FILE = Mobius/Info.plist;
				INFOPLIST_KEY_NSCameraUsageDescription = "";
				INFOPLIST_KEY_NSLocationWhenInUseUsageDescription = "";
				INFOPLIST_KEY_UIApplicationSupportsIndirectInputEvents = YES;
				INFOPLIST_KEY_UILaunchScreen_Generation = YES;
				INFOPLIST_KEY_UIRequiredDeviceCapabilities = "arkit metal";
				INFOPLIST_KEY_UIRequiresFullScreen = YES;
				INFOPLIST_KEY_UIStatusBarHidden = YES;
				INFOPLIST_KEY_UISupportedInterfaceOrientations = "UIInterfaceOrientationPortrait UIInterfaceOrientationLandscapeLeft UIInterfaceOrientationLandscapeRight";
				INFOPLIST_KEY_UISupportedInterfaceOrientations_iPad = "UIInterfaceOrientationPortrait UIInterfaceOrientationPortraitUpsideDown UIInterfaceOrientationLandscapeLeft UIInterfaceOrientationLandscapeRight";
				INFOPLIST_KEY_UISupportedInterfaceOrientations_iPhone = "UIInterfaceOrientationPortrait UIInterfaceOrientationLandscapeLeft UIInterfaceOrientationLandscapeRight";
				LD_RUNPATH_SEARCH_PATHS = (
					"$(inherited)",
					"@executable_path/Frameworks",
				);
				MARKETING_VERSION = 1.0;
				PRODUCT_BUNDLE_IDENTIFIER = com.ABX.Mobius;
				PRODUCT_NAME = "$(TARGET_NAME)";
				SWIFT_EMIT_LOC_STRINGS = YES;
				SWIFT_OBJC_BRIDGING_HEADER = "Mobius/Metal/Mobius-Bridging-Headers.h";
				SWIFT_VERSION = 5.0;
				TARGETED_DEVICE_FAMILY = "1,2";
			};
			name = Debug;
		};
		60100E832840499800548B7F /* Release */ = {
			isa = XCBuildConfiguration;
			buildSettings = {
				ASSETCATALOG_COMPILER_APPICON_NAME = AppIcon;
				ASSETCATALOG_COMPILER_GLOBAL_ACCENT_COLOR_NAME = AccentColor;
				CLANG_CXX_LANGUAGE_STANDARD = "gnu++20";
				CODE_SIGN_STYLE = Automatic;
				CURRENT_PROJECT_VERSION = 1;
				DEVELOPMENT_ASSET_PATHS = "\"Mobius/Preview Content\"";
				DEVELOPMENT_TEAM = 2NJL5C3NL5;
				ENABLE_PREVIEWS = YES;
				GENERATE_INFOPLIST_FILE = YES;
				HEADER_SEARCH_PATHS = "";
				INFOPLIST_FILE = Mobius/Info.plist;
				INFOPLIST_KEY_NSCameraUsageDescription = "";
				INFOPLIST_KEY_NSLocationWhenInUseUsageDescription = "";
				INFOPLIST_KEY_UIApplicationSupportsIndirectInputEvents = YES;
				INFOPLIST_KEY_UILaunchScreen_Generation = YES;
				INFOPLIST_KEY_UIRequiredDeviceCapabilities = "arkit metal";
				INFOPLIST_KEY_UIRequiresFullScreen = YES;
				INFOPLIST_KEY_UIStatusBarHidden = YES;
				INFOPLIST_KEY_UISupportedInterfaceOrientations = "UIInterfaceOrientationPortrait UIInterfaceOrientationLandscapeLeft UIInterfaceOrientationLandscapeRight";
				INFOPLIST_KEY_UISupportedInterfaceOrientations_iPad = "UIInterfaceOrientationPortrait UIInterfaceOrientationPortraitUpsideDown UIInterfaceOrientationLandscapeLeft UIInterfaceOrientationLandscapeRight";
				INFOPLIST_KEY_UISupportedInterfaceOrientations_iPhone = "UIInterfaceOrientationPortrait UIInterfaceOrientationLandscapeLeft UIInterfaceOrientationLandscapeRight";
				LD_RUNPATH_SEARCH_PATHS = (
					"$(inherited)",
					"@executable_path/Frameworks",
				);
				MARKETING_VERSION = 1.0;
				PRODUCT_BUNDLE_IDENTIFIER = com.ABX.Mobius;
				PRODUCT_NAME = "$(TARGET_NAME)";
				SWIFT_EMIT_LOC_STRINGS = YES;
				SWIFT_OBJC_BRIDGING_HEADER = "Mobius/Metal/Mobius-Bridging-Headers.h";
				SWIFT_VERSION = 5.0;
				TARGETED_DEVICE_FAMILY = "1,2";
			};
			name = Release;
		};
		60100E852840499800548B7F /* Debug */ = {
			isa = XCBuildConfiguration;
			buildSettings = {
				ALWAYS_EMBED_SWIFT_STANDARD_LIBRARIES = YES;
				BUNDLE_LOADER = "$(TEST_HOST)";
				CODE_SIGN_STYLE = Automatic;
				CURRENT_PROJECT_VERSION = 1;
				DEVELOPMENT_TEAM = 2NJL5C3NL5;
				GENERATE_INFOPLIST_FILE = YES;
				IPHONEOS_DEPLOYMENT_TARGET = 15.5;
				MARKETING_VERSION = 1.0;
				PRODUCT_BUNDLE_IDENTIFIER = com.ABX.MobiusTests;
				PRODUCT_NAME = "$(TARGET_NAME)";
				SWIFT_EMIT_LOC_STRINGS = NO;
				SWIFT_VERSION = 5.0;
				TARGETED_DEVICE_FAMILY = "1,2";
				TEST_HOST = "$(BUILT_PRODUCTS_DIR)/Mobius.app/Mobius";
			};
			name = Debug;
		};
		60100E862840499800548B7F /* Release */ = {
			isa = XCBuildConfiguration;
			buildSettings = {
				ALWAYS_EMBED_SWIFT_STANDARD_LIBRARIES = YES;
				BUNDLE_LOADER = "$(TEST_HOST)";
				CODE_SIGN_STYLE = Automatic;
				CURRENT_PROJECT_VERSION = 1;
				DEVELOPMENT_TEAM = 2NJL5C3NL5;
				GENERATE_INFOPLIST_FILE = YES;
				IPHONEOS_DEPLOYMENT_TARGET = 15.5;
				MARKETING_VERSION = 1.0;
				PRODUCT_BUNDLE_IDENTIFIER = com.ABX.MobiusTests;
				PRODUCT_NAME = "$(TARGET_NAME)";
				SWIFT_EMIT_LOC_STRINGS = NO;
				SWIFT_VERSION = 5.0;
				TARGETED_DEVICE_FAMILY = "1,2";
				TEST_HOST = "$(BUILT_PRODUCTS_DIR)/Mobius.app/Mobius";
			};
			name = Release;
		};
		60100E882840499800548B7F /* Debug */ = {
			isa = XCBuildConfiguration;
			buildSettings = {
				ALWAYS_EMBED_SWIFT_STANDARD_LIBRARIES = YES;
				CODE_SIGN_STYLE = Automatic;
				CURRENT_PROJECT_VERSION = 1;
				DEVELOPMENT_TEAM = 2NJL5C3NL5;
				GENERATE_INFOPLIST_FILE = YES;
				MARKETING_VERSION = 1.0;
				PRODUCT_BUNDLE_IDENTIFIER = com.ABX.MobiusUITests;
				PRODUCT_NAME = "$(TARGET_NAME)";
				SWIFT_EMIT_LOC_STRINGS = NO;
				SWIFT_VERSION = 5.0;
				TARGETED_DEVICE_FAMILY = "1,2";
				TEST_TARGET_NAME = Mobius;
			};
			name = Debug;
		};
		60100E892840499800548B7F /* Release */ = {
			isa = XCBuildConfiguration;
			buildSettings = {
				ALWAYS_EMBED_SWIFT_STANDARD_LIBRARIES = YES;
				CODE_SIGN_STYLE = Automatic;
				CURRENT_PROJECT_VERSION = 1;
				DEVELOPMENT_TEAM = 2NJL5C3NL5;
				GENERATE_INFOPLIST_FILE = YES;
				MARKETING_VERSION = 1.0;
				PRODUCT_BUNDLE_IDENTIFIER = com.ABX.MobiusUITests;
				PRODUCT_NAME = "$(TARGET_NAME)";
				SWIFT_EMIT_LOC_STRINGS = NO;
				SWIFT_VERSION = 5.0;
				TARGETED_DEVICE_FAMILY = "1,2";
				TEST_TARGET_NAME = Mobius;
			};
			name = Release;
		};
/* End XCBuildConfiguration section */

/* Begin XCConfigurationList section */
		60100E562840499600548B7F /* Build configuration list for PBXProject "Mobius" */ = {
			isa = XCConfigurationList;
			buildConfigurations = (
				60100E7F2840499800548B7F /* Debug */,
				60100E802840499800548B7F /* Release */,
			);
			defaultConfigurationIsVisible = 0;
			defaultConfigurationName = Release;
		};
		60100E812840499800548B7F /* Build configuration list for PBXNativeTarget "Mobius" */ = {
			isa = XCConfigurationList;
			buildConfigurations = (
				60100E822840499800548B7F /* Debug */,
				60100E832840499800548B7F /* Release */,
			);
			defaultConfigurationIsVisible = 0;
			defaultConfigurationName = Release;
		};
		60100E842840499800548B7F /* Build configuration list for PBXNativeTarget "MobiusTests" */ = {
			isa = XCConfigurationList;
			buildConfigurations = (
				60100E852840499800548B7F /* Debug */,
				60100E862840499800548B7F /* Release */,
			);
			defaultConfigurationIsVisible = 0;
			defaultConfigurationName = Release;
		};
		60100E872840499800548B7F /* Build configuration list for PBXNativeTarget "MobiusUITests" */ = {
			isa = XCConfigurationList;
			buildConfigurations = (
				60100E882840499800548B7F /* Debug */,
				60100E892840499800548B7F /* Release */,
			);
			defaultConfigurationIsVisible = 0;
			defaultConfigurationName = Release;
		};
/* End XCConfigurationList section */

/* Begin XCRemoteSwiftPackageReference section */
		60D8B91B2862E126000B6A83 /* XCRemoteSwiftPackageReference "rive-ios" */ = {
			isa = XCRemoteSwiftPackageReference;
			repositoryURL = "https://github.com/rive-app/rive-ios";
			requirement = {
				kind = upToNextMajorVersion;
				minimumVersion = 2.0.0;
			};
		};
/* End XCRemoteSwiftPackageReference section */

/* Begin XCSwiftPackageProductDependency section */
		60D8B91C2862E126000B6A83 /* RiveRuntime */ = {
			isa = XCSwiftPackageProductDependency;
			package = 60D8B91B2862E126000B6A83 /* XCRemoteSwiftPackageReference "rive-ios" */;
			productName = RiveRuntime;
		};
/* End XCSwiftPackageProductDependency section */
	};
	rootObject = 60100E532840499600548B7F /* Project object */;
}
