// !$*UTF8*$!
{
	archiveVersion = 1;
	classes = {
	};
	objectVersion = 55;
	objects = {

/* Begin PBXBuildFile section */
		60100E5F2840499700548B7F /* AppDelegate.swift in Sources */ = {isa = PBXBuildFile; fileRef = 60100E5E2840499700548B7F /* AppDelegate.swift */; };
		60100E632840499700548B7F /* Experience.rcproject in Sources */ = {isa = PBXBuildFile; fileRef = 60100E622840499700548B7F /* Experience.rcproject */; };
		60100E652840499800548B7F /* Assets.xcassets in Resources */ = {isa = PBXBuildFile; fileRef = 60100E642840499800548B7F /* Assets.xcassets */; };
		60100E682840499800548B7F /* Preview Assets.xcassets in Resources */ = {isa = PBXBuildFile; fileRef = 60100E672840499800548B7F /* Preview Assets.xcassets */; };
		60100E722840499800548B7F /* MobiusTests.swift in Sources */ = {isa = PBXBuildFile; fileRef = 60100E712840499800548B7F /* MobiusTests.swift */; };
		60100E7C2840499800548B7F /* MobiusUITests.swift in Sources */ = {isa = PBXBuildFile; fileRef = 60100E7B2840499800548B7F /* MobiusUITests.swift */; };
		60100E7E2840499800548B7F /* MobiusUITestsLaunchTests.swift in Sources */ = {isa = PBXBuildFile; fileRef = 60100E7D2840499800548B7F /* MobiusUITestsLaunchTests.swift */; };
		60100E8C28404A8500548B7F /* GameKit.framework in Frameworks */ = {isa = PBXBuildFile; fileRef = 60100E8B28404A8500548B7F /* GameKit.framework */; };
		6013095B2840842F00455B84 /* MapKit.framework in Frameworks */ = {isa = PBXBuildFile; fileRef = 6013095A2840842F00455B84 /* MapKit.framework */; };
		6013095D2841F71A00455B84 /* BattleRoyal.swift in Sources */ = {isa = PBXBuildFile; fileRef = 6013095C2841F71A00455B84 /* BattleRoyal.swift */; };
		6020C2122844779C007A00D8 /* ARBattleRoyal.swift in Sources */ = {isa = PBXBuildFile; fileRef = 6020C2112844779C007A00D8 /* ARBattleRoyal.swift */; };
		604DEBB928557F740055B463 /* GameCenterUtils.swift in Sources */ = {isa = PBXBuildFile; fileRef = 604DEBB828557F740055B463 /* GameCenterUtils.swift */; };
		6086843728529F7900F32442 /* AvailableGamesView.swift in Sources */ = {isa = PBXBuildFile; fileRef = 6086843628529F7900F32442 /* AvailableGamesView.swift */; };
		6086843928544EA300F32442 /* StartButton.swift in Sources */ = {isa = PBXBuildFile; fileRef = 6086843828544EA300F32442 /* StartButton.swift */; };
		6092F5F428559A0400BEDFC0 /* StartView.swift in Sources */ = {isa = PBXBuildFile; fileRef = 6092F5F328559A0400BEDFC0 /* StartView.swift */; };
		6092F5F62855B22000BEDFC0 /* WieldButton.swift in Sources */ = {isa = PBXBuildFile; fileRef = 6092F5F52855B22000BEDFC0 /* WieldButton.swift */; };
		6092F5FA2855BC2000BEDFC0 /* CreateGameView.swift in Sources */ = {isa = PBXBuildFile; fileRef = 6092F5F92855BC2000BEDFC0 /* CreateGameView.swift */; };
		60C523A3284C83D0008A2EB3 /* Pickups.swift in Sources */ = {isa = PBXBuildFile; fileRef = 60C523A2284C83D0008A2EB3 /* Pickups.swift */; };
		60C523AB2850EBDF008A2EB3 /* FPSLayoutView.swift in Sources */ = {isa = PBXBuildFile; fileRef = 60C523AA2850EBDF008A2EB3 /* FPSLayoutView.swift */; };
		60FCE87E2847C8AF00F7BC35 /* ARViewContainer.swift in Sources */ = {isa = PBXBuildFile; fileRef = 60FCE87D2847C8AF00F7BC35 /* ARViewContainer.swift */; };
		60FCE88228483E5100F7BC35 /* ARGameplayView.swift in Sources */ = {isa = PBXBuildFile; fileRef = 60FCE88128483E5100F7BC35 /* ARGameplayView.swift */; };
/* End PBXBuildFile section */

/* Begin PBXContainerItemProxy section */
		60100E6E2840499800548B7F /* PBXContainerItemProxy */ = {
			isa = PBXContainerItemProxy;
			containerPortal = 60100E532840499600548B7F /* Project object */;
			proxyType = 1;
			remoteGlobalIDString = 60100E5A2840499600548B7F;
			remoteInfo = Mobius;
		};
		60100E782840499800548B7F /* PBXContainerItemProxy */ = {
			isa = PBXContainerItemProxy;
			containerPortal = 60100E532840499600548B7F /* Project object */;
			proxyType = 1;
			remoteGlobalIDString = 60100E5A2840499600548B7F;
			remoteInfo = Mobius;
		};
/* End PBXContainerItemProxy section */

/* Begin PBXFileReference section */
		60100E5B2840499600548B7F /* Mobius.app */ = {isa = PBXFileReference; explicitFileType = wrapper.application; includeInIndex = 0; path = Mobius.app; sourceTree = BUILT_PRODUCTS_DIR; };
		60100E5E2840499700548B7F /* AppDelegate.swift */ = {isa = PBXFileReference; lastKnownFileType = sourcecode.swift; path = AppDelegate.swift; sourceTree = "<group>"; };
		60100E622840499700548B7F /* Experience.rcproject */ = {isa = PBXFileReference; lastKnownFileType = file.rcproject; path = Experience.rcproject; sourceTree = "<group>"; };
		60100E642840499800548B7F /* Assets.xcassets */ = {isa = PBXFileReference; lastKnownFileType = folder.assetcatalog; path = Assets.xcassets; sourceTree = "<group>"; };
		60100E672840499800548B7F /* Preview Assets.xcassets */ = {isa = PBXFileReference; lastKnownFileType = folder.assetcatalog; path = "Preview Assets.xcassets"; sourceTree = "<group>"; };
		60100E6D2840499800548B7F /* MobiusTests.xctest */ = {isa = PBXFileReference; explicitFileType = wrapper.cfbundle; includeInIndex = 0; path = MobiusTests.xctest; sourceTree = BUILT_PRODUCTS_DIR; };
		60100E712840499800548B7F /* MobiusTests.swift */ = {isa = PBXFileReference; lastKnownFileType = sourcecode.swift; path = MobiusTests.swift; sourceTree = "<group>"; };
		60100E772840499800548B7F /* MobiusUITests.xctest */ = {isa = PBXFileReference; explicitFileType = wrapper.cfbundle; includeInIndex = 0; path = MobiusUITests.xctest; sourceTree = BUILT_PRODUCTS_DIR; };
		60100E7B2840499800548B7F /* MobiusUITests.swift */ = {isa = PBXFileReference; lastKnownFileType = sourcecode.swift; path = MobiusUITests.swift; sourceTree = "<group>"; };
		60100E7D2840499800548B7F /* MobiusUITestsLaunchTests.swift */ = {isa = PBXFileReference; lastKnownFileType = sourcecode.swift; path = MobiusUITestsLaunchTests.swift; sourceTree = "<group>"; };
		60100E8B28404A8500548B7F /* GameKit.framework */ = {isa = PBXFileReference; lastKnownFileType = wrapper.framework; name = GameKit.framework; path = System/Library/Frameworks/GameKit.framework; sourceTree = SDKROOT; };
		601309592840842F00455B84 /* Info.plist */ = {isa = PBXFileReference; lastKnownFileType = text.plist; path = Info.plist; sourceTree = "<group>"; };
		6013095A2840842F00455B84 /* MapKit.framework */ = {isa = PBXFileReference; lastKnownFileType = wrapper.framework; name = MapKit.framework; path = System/Library/Frameworks/MapKit.framework; sourceTree = SDKROOT; };
		6013095C2841F71A00455B84 /* BattleRoyal.swift */ = {isa = PBXFileReference; lastKnownFileType = sourcecode.swift; path = BattleRoyal.swift; sourceTree = "<group>"; };
		6020C2112844779C007A00D8 /* ARBattleRoyal.swift */ = {isa = PBXFileReference; lastKnownFileType = sourcecode.swift; path = ARBattleRoyal.swift; sourceTree = "<group>"; };
		604DEBB828557F740055B463 /* GameCenterUtils.swift */ = {isa = PBXFileReference; lastKnownFileType = sourcecode.swift; path = GameCenterUtils.swift; sourceTree = "<group>"; };
		6086843628529F7900F32442 /* AvailableGamesView.swift */ = {isa = PBXFileReference; lastKnownFileType = sourcecode.swift; path = AvailableGamesView.swift; sourceTree = "<group>"; };
		6086843828544EA300F32442 /* StartButton.swift */ = {isa = PBXFileReference; lastKnownFileType = sourcecode.swift; path = StartButton.swift; sourceTree = "<group>"; };
		6092F5F328559A0400BEDFC0 /* StartView.swift */ = {isa = PBXFileReference; lastKnownFileType = sourcecode.swift; path = StartView.swift; sourceTree = "<group>"; };
		6092F5F52855B22000BEDFC0 /* WieldButton.swift */ = {isa = PBXFileReference; lastKnownFileType = sourcecode.swift; path = WieldButton.swift; sourceTree = "<group>"; };
		6092F5F92855BC2000BEDFC0 /* CreateGameView.swift */ = {isa = PBXFileReference; lastKnownFileType = sourcecode.swift; path = CreateGameView.swift; sourceTree = "<group>"; };
		60C523A2284C83D0008A2EB3 /* Pickups.swift */ = {isa = PBXFileReference; lastKnownFileType = sourcecode.swift; path = Pickups.swift; sourceTree = "<group>"; };
		60C523AA2850EBDF008A2EB3 /* FPSLayoutView.swift */ = {isa = PBXFileReference; lastKnownFileType = sourcecode.swift; path = FPSLayoutView.swift; sourceTree = "<group>"; };
		60FCE87D2847C8AF00F7BC35 /* ARViewContainer.swift */ = {isa = PBXFileReference; lastKnownFileType = sourcecode.swift; path = ARViewContainer.swift; sourceTree = "<group>"; };
		60FCE88128483E5100F7BC35 /* ARGameplayView.swift */ = {isa = PBXFileReference; lastKnownFileType = sourcecode.swift; path = ARGameplayView.swift; sourceTree = "<group>"; };
/* End PBXFileReference section */

/* Begin PBXFrameworksBuildPhase section */
		60100E582840499600548B7F /* Frameworks */ = {
			isa = PBXFrameworksBuildPhase;
			buildActionMask = 2147483647;
			files = (
				6013095B2840842F00455B84 /* MapKit.framework in Frameworks */,
				60100E8C28404A8500548B7F /* GameKit.framework in Frameworks */,
			);
			runOnlyForDeploymentPostprocessing = 0;
		};
		60100E6A2840499800548B7F /* Frameworks */ = {
			isa = PBXFrameworksBuildPhase;
			buildActionMask = 2147483647;
			files = (
			);
			runOnlyForDeploymentPostprocessing = 0;
		};
		60100E742840499800548B7F /* Frameworks */ = {
			isa = PBXFrameworksBuildPhase;
			buildActionMask = 2147483647;
			files = (
			);
			runOnlyForDeploymentPostprocessing = 0;
		};
/* End PBXFrameworksBuildPhase section */

/* Begin PBXGroup section */
		60100E522840499600548B7F = {
			isa = PBXGroup;
			children = (
				60100E5D2840499600548B7F /* Mobius */,
				60100E702840499800548B7F /* MobiusTests */,
				60100E7A2840499800548B7F /* MobiusUITests */,
				60100E5C2840499600548B7F /* Products */,
				60100E8A28404A8500548B7F /* Frameworks */,
			);
			sourceTree = "<group>";
		};
		60100E5C2840499600548B7F /* Products */ = {
			isa = PBXGroup;
			children = (
				60100E5B2840499600548B7F /* Mobius.app */,
				60100E6D2840499800548B7F /* MobiusTests.xctest */,
				60100E772840499800548B7F /* MobiusUITests.xctest */,
			);
			name = Products;
			sourceTree = "<group>";
		};
		60100E5D2840499600548B7F /* Mobius */ = {
			isa = PBXGroup;
			children = (
				601309592840842F00455B84 /* Info.plist */,
				60100E5E2840499700548B7F /* AppDelegate.swift */,
				60FCE88528483E9000F7BC35 /* Views */,
				60FCE88328483E6000F7BC35 /* ViewModels */,
				60FCE88428483E7E00F7BC35 /* Model */,
				60100E622840499700548B7F /* Experience.rcproject */,
				60100E642840499800548B7F /* Assets.xcassets */,
				60100E662840499800548B7F /* Preview Content */,
			);
			path = Mobius;
			sourceTree = "<group>";
		};
		60100E662840499800548B7F /* Preview Content */ = {
			isa = PBXGroup;
			children = (
				60100E672840499800548B7F /* Preview Assets.xcassets */,
			);
			path = "Preview Content";
			sourceTree = "<group>";
		};
		60100E702840499800548B7F /* MobiusTests */ = {
			isa = PBXGroup;
			children = (
				60100E712840499800548B7F /* MobiusTests.swift */,
			);
			path = MobiusTests;
			sourceTree = "<group>";
		};
		60100E7A2840499800548B7F /* MobiusUITests */ = {
			isa = PBXGroup;
			children = (
				60100E7B2840499800548B7F /* MobiusUITests.swift */,
				60100E7D2840499800548B7F /* MobiusUITestsLaunchTests.swift */,
			);
			path = MobiusUITests;
			sourceTree = "<group>";
		};
		60100E8A28404A8500548B7F /* Frameworks */ = {
			isa = PBXGroup;
			children = (
				6013095A2840842F00455B84 /* MapKit.framework */,
				60100E8B28404A8500548B7F /* GameKit.framework */,
			);
			name = Frameworks;
			sourceTree = "<group>";
		};
		6092F5F72855BBB300BEDFC0 /* Buttons */ = {
			isa = PBXGroup;
			children = (
				6086843828544EA300F32442 /* StartButton.swift */,
				6092F5F52855B22000BEDFC0 /* WieldButton.swift */,
			);
			path = Buttons;
			sourceTree = "<group>";
		};
		6092F5F82855BBD000BEDFC0 /* ARViews */ = {
			isa = PBXGroup;
			children = (
				60C523AA2850EBDF008A2EB3 /* FPSLayoutView.swift */,
				60FCE87D2847C8AF00F7BC35 /* ARViewContainer.swift */,
				60FCE88128483E5100F7BC35 /* ARGameplayView.swift */,
			);
			path = ARViews;
			sourceTree = "<group>";
		};
		60FCE88328483E6000F7BC35 /* ViewModels */ = {
			isa = PBXGroup;
			children = (
				6020C2112844779C007A00D8 /* ARBattleRoyal.swift */,
			);
			path = ViewModels;
			sourceTree = "<group>";
		};
		60FCE88428483E7E00F7BC35 /* Model */ = {
			isa = PBXGroup;
			children = (
				6013095C2841F71A00455B84 /* BattleRoyal.swift */,
				604DEBB828557F740055B463 /* GameCenterUtils.swift */,
				60C523A2284C83D0008A2EB3 /* Pickups.swift */,
			);
			path = Model;
			sourceTree = "<group>";
		};
		60FCE88528483E9000F7BC35 /* Views */ = {
			isa = PBXGroup;
			children = (
				6092F5F82855BBD000BEDFC0 /* ARViews */,
				6086843628529F7900F32442 /* AvailableGamesView.swift */,
				6092F5F92855BC2000BEDFC0 /* CreateGameView.swift */,
				6092F5F328559A0400BEDFC0 /* StartView.swift */,
				6092F5F72855BBB300BEDFC0 /* Buttons */,
			);
			path = Views;
			sourceTree = "<group>";
		};
/* End PBXGroup section */

/* Begin PBXNativeTarget section */
		60100E5A2840499600548B7F /* Mobius */ = {
			isa = PBXNativeTarget;
			buildConfigurationList = 60100E812840499800548B7F /* Build configuration list for PBXNativeTarget "Mobius" */;
			buildPhases = (
				60100E572840499600548B7F /* Sources */,
				60100E582840499600548B7F /* Frameworks */,
				60100E592840499600548B7F /* Resources */,
			);
			buildRules = (
			);
			dependencies = (
			);
			name = Mobius;
			packageProductDependencies = (
			);
			productName = Mobius;
			productReference = 60100E5B2840499600548B7F /* Mobius.app */;
			productType = "com.apple.product-type.application";
		};
		60100E6C2840499800548B7F /* MobiusTests */ = {
			isa = PBXNativeTarget;
			buildConfigurationList = 60100E842840499800548B7F /* Build configuration list for PBXNativeTarget "MobiusTests" */;
			buildPhases = (
				60100E692840499800548B7F /* Sources */,
				60100E6A2840499800548B7F /* Frameworks */,
				60100E6B2840499800548B7F /* Resources */,
			);
			buildRules = (
			);
			dependencies = (
				60100E6F2840499800548B7F /* PBXTargetDependency */,
			);
			name = MobiusTests;
			productName = MobiusTests;
			productReference = 60100E6D2840499800548B7F /* MobiusTests.xctest */;
			productType = "com.apple.product-type.bundle.unit-test";
		};
		60100E762840499800548B7F /* MobiusUITests */ = {
			isa = PBXNativeTarget;
			buildConfigurationList = 60100E872840499800548B7F /* Build configuration list for PBXNativeTarget "MobiusUITests" */;
			buildPhases = (
				60100E732840499800548B7F /* Sources */,
				60100E742840499800548B7F /* Frameworks */,
				60100E752840499800548B7F /* Resources */,
			);
			buildRules = (
			);
			dependencies = (
				60100E792840499800548B7F /* PBXTargetDependency */,
			);
			name = MobiusUITests;
			productName = MobiusUITests;
			productReference = 60100E772840499800548B7F /* MobiusUITests.xctest */;
			productType = "com.apple.product-type.bundle.ui-testing";
		};
/* End PBXNativeTarget section */

/* Begin PBXProject section */
		60100E532840499600548B7F /* Project object */ = {
			isa = PBXProject;
			attributes = {
				BuildIndependentTargetsInParallel = 1;
				KnownAssetTags = (
					New,
				);
				LastSwiftUpdateCheck = 1340;
				LastUpgradeCheck = 1340;
				TargetAttributes = {
					60100E5A2840499600548B7F = {
						CreatedOnToolsVersion = 13.4;
					};
					60100E6C2840499800548B7F = {
						CreatedOnToolsVersion = 13.4;
						TestTargetID = 60100E5A2840499600548B7F;
					};
					60100E762840499800548B7F = {
						CreatedOnToolsVersion = 13.4;
						TestTargetID = 60100E5A2840499600548B7F;
					};
				};
			};
			buildConfigurationList = 60100E562840499600548B7F /* Build configuration list for PBXProject "Mobius" */;
			compatibilityVersion = "Xcode 13.0";
			developmentRegion = en;
			hasScannedForEncodings = 0;
			knownRegions = (
				en,
				Base,
			);
			mainGroup = 60100E522840499600548B7F;
			productRefGroup = 60100E5C2840499600548B7F /* Products */;
			projectDirPath = "";
			projectRoot = "";
			targets = (
				60100E5A2840499600548B7F /* Mobius */,
				60100E6C2840499800548B7F /* MobiusTests */,
				60100E762840499800548B7F /* MobiusUITests */,
			);
		};
/* End PBXProject section */

/* Begin PBXResourcesBuildPhase section */
		60100E592840499600548B7F /* Resources */ = {
			isa = PBXResourcesBuildPhase;
			buildActionMask = 2147483647;
			files = (
				60100E682840499800548B7F /* Preview Assets.xcassets in Resources */,
				60100E652840499800548B7F /* Assets.xcassets in Resources */,
			);
			runOnlyForDeploymentPostprocessing = 0;
		};
		60100E6B2840499800548B7F /* Resources */ = {
			isa = PBXResourcesBuildPhase;
			buildActionMask = 2147483647;
			files = (
			);
			runOnlyForDeploymentPostprocessing = 0;
		};
		60100E752840499800548B7F /* Resources */ = {
			isa = PBXResourcesBuildPhase;
			buildActionMask = 2147483647;
			files = (
			);
			runOnlyForDeploymentPostprocessing = 0;
		};
/* End PBXResourcesBuildPhase section */

/* Begin PBXSourcesBuildPhase section */
		60100E572840499600548B7F /* Sources */ = {
			isa = PBXSourcesBuildPhase;
			buildActionMask = 2147483647;
			files = (
				6092F5FA2855BC2000BEDFC0 /* CreateGameView.swift in Sources */,
				6092F5F62855B22000BEDFC0 /* WieldButton.swift in Sources */,
				60100E5F2840499700548B7F /* AppDelegate.swift in Sources */,
				60100E632840499700548B7F /* Experience.rcproject in Sources */,
				604DEBB928557F740055B463 /* GameCenterUtils.swift in Sources */,
				6092F5F428559A0400BEDFC0 /* StartView.swift in Sources */,
				60FCE87E2847C8AF00F7BC35 /* ARViewContainer.swift in Sources */,
				6086843928544EA300F32442 /* StartButton.swift in Sources */,
				60C523AB2850EBDF008A2EB3 /* FPSLayoutView.swift in Sources */,
				60C523A3284C83D0008A2EB3 /* Pickups.swift in Sources */,
				6013095D2841F71A00455B84 /* BattleRoyal.swift in Sources */,
				6020C2122844779C007A00D8 /* ARBattleRoyal.swift in Sources */,
				6086843728529F7900F32442 /* AvailableGamesView.swift in Sources */,
				60FCE88228483E5100F7BC35 /* ARGameplayView.swift in Sources */,
			);
			runOnlyForDeploymentPostprocessing = 0;
		};
		60100E692840499800548B7F /* Sources */ = {
			isa = PBXSourcesBuildPhase;
			buildActionMask = 2147483647;
			files = (
				60100E722840499800548B7F /* MobiusTests.swift in Sources */,
			);
			runOnlyForDeploymentPostprocessing = 0;
		};
		60100E732840499800548B7F /* Sources */ = {
			isa = PBXSourcesBuildPhase;
			buildActionMask = 2147483647;
			files = (
				60100E7C2840499800548B7F /* MobiusUITests.swift in Sources */,
				60100E7E2840499800548B7F /* MobiusUITestsLaunchTests.swift in Sources */,
			);
			runOnlyForDeploymentPostprocessing = 0;
		};
/* End PBXSourcesBuildPhase section */

/* Begin PBXTargetDependency section */
		60100E6F2840499800548B7F /* PBXTargetDependency */ = {
			isa = PBXTargetDependency;
			target = 60100E5A2840499600548B7F /* Mobius */;
			targetProxy = 60100E6E2840499800548B7F /* PBXContainerItemProxy */;
		};
		60100E792840499800548B7F /* PBXTargetDependency */ = {
			isa = PBXTargetDependency;
			target = 60100E5A2840499600548B7F /* Mobius */;
			targetProxy = 60100E782840499800548B7F /* PBXContainerItemProxy */;
		};
/* End PBXTargetDependency section */

/* Begin XCBuildConfiguration section */
		60100E7F2840499800548B7F /* Debug */ = {
			isa = XCBuildConfiguration;
			buildSettings = {
				ALWAYS_SEARCH_USER_PATHS = NO;
				CLANG_ANALYZER_NONNULL = YES;
				CLANG_ANALYZER_NUMBER_OBJECT_CONVERSION = YES_AGGRESSIVE;
				CLANG_CXX_LANGUAGE_STANDARD = "gnu++17";
				CLANG_ENABLE_MODULES = YES;
				CLANG_ENABLE_OBJC_ARC = YES;
				CLANG_ENABLE_OBJC_WEAK = YES;
				CLANG_WARN_BLOCK_CAPTURE_AUTORELEASING = YES;
				CLANG_WARN_BOOL_CONVERSION = YES;
				CLANG_WARN_COMMA = YES;
				CLANG_WARN_CONSTANT_CONVERSION = YES;
				CLANG_WARN_DEPRECATED_OBJC_IMPLEMENTATIONS = YES;
				CLANG_WARN_DIRECT_OBJC_ISA_USAGE = YES_ERROR;
				CLANG_WARN_DOCUMENTATION_COMMENTS = YES;
				CLANG_WARN_EMPTY_BODY = YES;
				CLANG_WARN_ENUM_CONVERSION = YES;
				CLANG_WARN_INFINITE_RECURSION = YES;
				CLANG_WARN_INT_CONVERSION = YES;
				CLANG_WARN_NON_LITERAL_NULL_CONVERSION = YES;
				CLANG_WARN_OBJC_IMPLICIT_RETAIN_SELF = YES;
				CLANG_WARN_OBJC_LITERAL_CONVERSION = YES;
				CLANG_WARN_OBJC_ROOT_CLASS = YES_ERROR;
				CLANG_WARN_QUOTED_INCLUDE_IN_FRAMEWORK_HEADER = YES;
				CLANG_WARN_RANGE_LOOP_ANALYSIS = YES;
				CLANG_WARN_STRICT_PROTOTYPES = YES;
				CLANG_WARN_SUSPICIOUS_MOVE = YES;
				CLANG_WARN_UNGUARDED_AVAILABILITY = YES_AGGRESSIVE;
				CLANG_WARN_UNREACHABLE_CODE = YES;
				CLANG_WARN__DUPLICATE_METHOD_MATCH = YES;
				COPY_PHASE_STRIP = NO;
				DEBUG_INFORMATION_FORMAT = dwarf;
				ENABLE_STRICT_OBJC_MSGSEND = YES;
				ENABLE_TESTABILITY = YES;
				GCC_C_LANGUAGE_STANDARD = gnu11;
				GCC_DYNAMIC_NO_PIC = NO;
				GCC_NO_COMMON_BLOCKS = YES;
				GCC_OPTIMIZATION_LEVEL = 0;
				GCC_PREPROCESSOR_DEFINITIONS = (
					"DEBUG=1",
					"$(inherited)",
				);
				GCC_WARN_64_TO_32_BIT_CONVERSION = YES;
				GCC_WARN_ABOUT_RETURN_TYPE = YES_ERROR;
				GCC_WARN_UNDECLARED_SELECTOR = YES;
				GCC_WARN_UNINITIALIZED_AUTOS = YES_AGGRESSIVE;
				GCC_WARN_UNUSED_FUNCTION = YES;
				GCC_WARN_UNUSED_VARIABLE = YES;
				IPHONEOS_DEPLOYMENT_TARGET = 15.5;
				MTL_ENABLE_DEBUG_INFO = INCLUDE_SOURCE;
				MTL_FAST_MATH = YES;
				ONLY_ACTIVE_ARCH = YES;
				SDKROOT = iphoneos;
				SWIFT_ACTIVE_COMPILATION_CONDITIONS = DEBUG;
				SWIFT_OPTIMIZATION_LEVEL = "-Onone";
			};
			name = Debug;
		};
		60100E802840499800548B7F /* Release */ = {
			isa = XCBuildConfiguration;
			buildSettings = {
				ALWAYS_SEARCH_USER_PATHS = NO;
				CLANG_ANALYZER_NONNULL = YES;
				CLANG_ANALYZER_NUMBER_OBJECT_CONVERSION = YES_AGGRESSIVE;
				CLANG_CXX_LANGUAGE_STANDARD = "gnu++17";
				CLANG_ENABLE_MODULES = YES;
				CLANG_ENABLE_OBJC_ARC = YES;
				CLANG_ENABLE_OBJC_WEAK = YES;
				CLANG_WARN_BLOCK_CAPTURE_AUTORELEASING = YES;
				CLANG_WARN_BOOL_CONVERSION = YES;
				CLANG_WARN_COMMA = YES;
				CLANG_WARN_CONSTANT_CONVERSION = YES;
				CLANG_WARN_DEPRECATED_OBJC_IMPLEMENTATIONS = YES;
				CLANG_WARN_DIRECT_OBJC_ISA_USAGE = YES_ERROR;
				CLANG_WARN_DOCUMENTATION_COMMENTS = YES;
				CLANG_WARN_EMPTY_BODY = YES;
				CLANG_WARN_ENUM_CONVERSION = YES;
				CLANG_WARN_INFINITE_RECURSION = YES;
				CLANG_WARN_INT_CONVERSION = YES;
				CLANG_WARN_NON_LITERAL_NULL_CONVERSION = YES;
				CLANG_WARN_OBJC_IMPLICIT_RETAIN_SELF = YES;
				CLANG_WARN_OBJC_LITERAL_CONVERSION = YES;
				CLANG_WARN_OBJC_ROOT_CLASS = YES_ERROR;
				CLANG_WARN_QUOTED_INCLUDE_IN_FRAMEWORK_HEADER = YES;
				CLANG_WARN_RANGE_LOOP_ANALYSIS = YES;
				CLANG_WARN_STRICT_PROTOTYPES = YES;
				CLANG_WARN_SUSPICIOUS_MOVE = YES;
				CLANG_WARN_UNGUARDED_AVAILABILITY = YES_AGGRESSIVE;
				CLANG_WARN_UNREACHABLE_CODE = YES;
				CLANG_WARN__DUPLICATE_METHOD_MATCH = YES;
				COPY_PHASE_STRIP = NO;
				DEBUG_INFORMATION_FORMAT = "dwarf-with-dsym";
				ENABLE_NS_ASSERTIONS = NO;
				ENABLE_STRICT_OBJC_MSGSEND = YES;
				GCC_C_LANGUAGE_STANDARD = gnu11;
				GCC_NO_COMMON_BLOCKS = YES;
				GCC_WARN_64_TO_32_BIT_CONVERSION = YES;
				GCC_WARN_ABOUT_RETURN_TYPE = YES_ERROR;
				GCC_WARN_UNDECLARED_SELECTOR = YES;
				GCC_WARN_UNINITIALIZED_AUTOS = YES_AGGRESSIVE;
				GCC_WARN_UNUSED_FUNCTION = YES;
				GCC_WARN_UNUSED_VARIABLE = YES;
				IPHONEOS_DEPLOYMENT_TARGET = 15.5;
				MTL_ENABLE_DEBUG_INFO = NO;
				MTL_FAST_MATH = YES;
				SDKROOT = iphoneos;
				SWIFT_COMPILATION_MODE = wholemodule;
				SWIFT_OPTIMIZATION_LEVEL = "-O";
				VALIDATE_PRODUCT = YES;
			};
			name = Release;
		};
		60100E822840499800548B7F /* Debug */ = {
			isa = XCBuildConfiguration;
			buildSettings = {
				ASSETCATALOG_COMPILER_APPICON_NAME = AppIcon;
				ASSETCATALOG_COMPILER_GLOBAL_ACCENT_COLOR_NAME = AccentColor;
				CODE_SIGN_STYLE = Automatic;
				CURRENT_PROJECT_VERSION = 1;
				DEVELOPMENT_ASSET_PATHS = "\"Mobius/Preview Content\"";
				DEVELOPMENT_TEAM = 2NJL5C3NL5;
				ENABLE_PREVIEWS = YES;
				GENERATE_INFOPLIST_FILE = YES;
				INFOPLIST_FILE = Mobius/Info.plist;
				INFOPLIST_KEY_NSCameraUsageDescription = "";
				INFOPLIST_KEY_UIApplicationSupportsIndirectInputEvents = YES;
				INFOPLIST_KEY_UILaunchScreen_Generation = YES;
				INFOPLIST_KEY_UIRequiredDeviceCapabilities = "arkit gamekit";
				INFOPLIST_KEY_UIRequiresFullScreen = YES;
				INFOPLIST_KEY_UIStatusBarHidden = YES;
				INFOPLIST_KEY_UISupportedInterfaceOrientations = "UIInterfaceOrientationPortrait UIInterfaceOrientationLandscapeLeft UIInterfaceOrientationLandscapeRight";
				INFOPLIST_KEY_UISupportedInterfaceOrientations_iPad = "UIInterfaceOrientationPortrait UIInterfaceOrientationPortraitUpsideDown UIInterfaceOrientationLandscapeLeft UIInterfaceOrientationLandscapeRight";
				INFOPLIST_KEY_UISupportedInterfaceOrientations_iPhone = "UIInterfaceOrientationPortrait UIInterfaceOrientationLandscapeLeft UIInterfaceOrientationLandscapeRight";
				LD_RUNPATH_SEARCH_PATHS = (
					"$(inherited)",
					"@executable_path/Frameworks",
				);
				MARKETING_VERSION = 1.0;
				PRODUCT_BUNDLE_IDENTIFIER = com.ABX.Mobius;
				PRODUCT_NAME = "$(TARGET_NAME)";
				SWIFT_EMIT_LOC_STRINGS = YES;
				SWIFT_VERSION = 5.0;
				TARGETED_DEVICE_FAMILY = "1,2";
			};
			name = Debug;
		};
		60100E832840499800548B7F /* Release */ = {
			isa = XCBuildConfiguration;
			buildSettings = {
				ASSETCATALOG_COMPILER_APPICON_NAME = AppIcon;
				ASSETCATALOG_COMPILER_GLOBAL_ACCENT_COLOR_NAME = AccentColor;
				CODE_SIGN_STYLE = Automatic;
				CURRENT_PROJECT_VERSION = 1;
				DEVELOPMENT_ASSET_PATHS = "\"Mobius/Preview Content\"";
				DEVELOPMENT_TEAM = 2NJL5C3NL5;
				ENABLE_PREVIEWS = YES;
				GENERATE_INFOPLIST_FILE = YES;
				INFOPLIST_FILE = Mobius/Info.plist;
				INFOPLIST_KEY_NSCameraUsageDescription = "";
				INFOPLIST_KEY_UIApplicationSupportsIndirectInputEvents = YES;
				INFOPLIST_KEY_UILaunchScreen_Generation = YES;
				INFOPLIST_KEY_UIRequiredDeviceCapabilities = "arkit gamekit";
				INFOPLIST_KEY_UIRequiresFullScreen = YES;
				INFOPLIST_KEY_UIStatusBarHidden = YES;
				INFOPLIST_KEY_UISupportedInterfaceOrientations = "UIInterfaceOrientationPortrait UIInterfaceOrientationLandscapeLeft UIInterfaceOrientationLandscapeRight";
				INFOPLIST_KEY_UISupportedInterfaceOrientations_iPad = "UIInterfaceOrientationPortrait UIInterfaceOrientationPortraitUpsideDown UIInterfaceOrientationLandscapeLeft UIInterfaceOrientationLandscapeRight";
				INFOPLIST_KEY_UISupportedInterfaceOrientations_iPhone = "UIInterfaceOrientationPortrait UIInterfaceOrientationLandscapeLeft UIInterfaceOrientationLandscapeRight";
				LD_RUNPATH_SEARCH_PATHS = (
					"$(inherited)",
					"@executable_path/Frameworks",
				);
				MARKETING_VERSION = 1.0;
				PRODUCT_BUNDLE_IDENTIFIER = com.ABX.Mobius;
				PRODUCT_NAME = "$(TARGET_NAME)";
				SWIFT_EMIT_LOC_STRINGS = YES;
				SWIFT_VERSION = 5.0;
				TARGETED_DEVICE_FAMILY = "1,2";
			};
			name = Release;
		};
		60100E852840499800548B7F /* Debug */ = {
			isa = XCBuildConfiguration;
			buildSettings = {
				ALWAYS_EMBED_SWIFT_STANDARD_LIBRARIES = YES;
				BUNDLE_LOADER = "$(TEST_HOST)";
				CODE_SIGN_STYLE = Automatic;
				CURRENT_PROJECT_VERSION = 1;
				DEVELOPMENT_TEAM = 2NJL5C3NL5;
				GENERATE_INFOPLIST_FILE = YES;
				IPHONEOS_DEPLOYMENT_TARGET = 15.5;
				MARKETING_VERSION = 1.0;
				PRODUCT_BUNDLE_IDENTIFIER = com.ABX.MobiusTests;
				PRODUCT_NAME = "$(TARGET_NAME)";
				SWIFT_EMIT_LOC_STRINGS = NO;
				SWIFT_VERSION = 5.0;
				TARGETED_DEVICE_FAMILY = "1,2";
				TEST_HOST = "$(BUILT_PRODUCTS_DIR)/Mobius.app/Mobius";
			};
			name = Debug;
		};
		60100E862840499800548B7F /* Release */ = {
			isa = XCBuildConfiguration;
			buildSettings = {
				ALWAYS_EMBED_SWIFT_STANDARD_LIBRARIES = YES;
				BUNDLE_LOADER = "$(TEST_HOST)";
				CODE_SIGN_STYLE = Automatic;
				CURRENT_PROJECT_VERSION = 1;
				DEVELOPMENT_TEAM = 2NJL5C3NL5;
				GENERATE_INFOPLIST_FILE = YES;
				IPHONEOS_DEPLOYMENT_TARGET = 15.5;
				MARKETING_VERSION = 1.0;
				PRODUCT_BUNDLE_IDENTIFIER = com.ABX.MobiusTests;
				PRODUCT_NAME = "$(TARGET_NAME)";
				SWIFT_EMIT_LOC_STRINGS = NO;
				SWIFT_VERSION = 5.0;
				TARGETED_DEVICE_FAMILY = "1,2";
				TEST_HOST = "$(BUILT_PRODUCTS_DIR)/Mobius.app/Mobius";
			};
			name = Release;
		};
		60100E882840499800548B7F /* Debug */ = {
			isa = XCBuildConfiguration;
			buildSettings = {
				ALWAYS_EMBED_SWIFT_STANDARD_LIBRARIES = YES;
				CODE_SIGN_STYLE = Automatic;
				CURRENT_PROJECT_VERSION = 1;
				DEVELOPMENT_TEAM = 2NJL5C3NL5;
				GENERATE_INFOPLIST_FILE = YES;
				MARKETING_VERSION = 1.0;
				PRODUCT_BUNDLE_IDENTIFIER = com.ABX.MobiusUITests;
				PRODUCT_NAME = "$(TARGET_NAME)";
				SWIFT_EMIT_LOC_STRINGS = NO;
				SWIFT_VERSION = 5.0;
				TARGETED_DEVICE_FAMILY = "1,2";
				TEST_TARGET_NAME = Mobius;
			};
			name = Debug;
		};
		60100E892840499800548B7F /* Release */ = {
			isa = XCBuildConfiguration;
			buildSettings = {
				ALWAYS_EMBED_SWIFT_STANDARD_LIBRARIES = YES;
				CODE_SIGN_STYLE = Automatic;
				CURRENT_PROJECT_VERSION = 1;
				DEVELOPMENT_TEAM = 2NJL5C3NL5;
				GENERATE_INFOPLIST_FILE = YES;
				MARKETING_VERSION = 1.0;
				PRODUCT_BUNDLE_IDENTIFIER = com.ABX.MobiusUITests;
				PRODUCT_NAME = "$(TARGET_NAME)";
				SWIFT_EMIT_LOC_STRINGS = NO;
				SWIFT_VERSION = 5.0;
				TARGETED_DEVICE_FAMILY = "1,2";
				TEST_TARGET_NAME = Mobius;
			};
			name = Release;
		};
/* End XCBuildConfiguration section */

/* Begin XCConfigurationList section */
		60100E562840499600548B7F /* Build configuration list for PBXProject "Mobius" */ = {
			isa = XCConfigurationList;
			buildConfigurations = (
				60100E7F2840499800548B7F /* Debug */,
				60100E802840499800548B7F /* Release */,
			);
			defaultConfigurationIsVisible = 0;
			defaultConfigurationName = Release;
		};
		60100E812840499800548B7F /* Build configuration list for PBXNativeTarget "Mobius" */ = {
			isa = XCConfigurationList;
			buildConfigurations = (
				60100E822840499800548B7F /* Debug */,
				60100E832840499800548B7F /* Release */,
			);
			defaultConfigurationIsVisible = 0;
			defaultConfigurationName = Release;
		};
		60100E842840499800548B7F /* Build configuration list for PBXNativeTarget "MobiusTests" */ = {
			isa = XCConfigurationList;
			buildConfigurations = (
				60100E852840499800548B7F /* Debug */,
				60100E862840499800548B7F /* Release */,
			);
			defaultConfigurationIsVisible = 0;
			defaultConfigurationName = Release;
		};
		60100E872840499800548B7F /* Build configuration list for PBXNativeTarget "MobiusUITests" */ = {
			isa = XCConfigurationList;
			buildConfigurations = (
				60100E882840499800548B7F /* Debug */,
				60100E892840499800548B7F /* Release */,
			);
			defaultConfigurationIsVisible = 0;
			defaultConfigurationName = Release;
		};
/* End XCConfigurationList section */
	};
	rootObject = 60100E532840499600548B7F /* Project object */;
}
